
Microsoft Visual Studio Solution File, Format Version 12.00
# Visual Studio Version 17
VisualStudioVersion = 17.6.33723.286
MinimumVisualStudioVersion = 10.0.40219.1
Project("{FAE04EC0-301F-11D3-BF4B-00C04F79EFBC}") = "Day68", "Day68.csproj", "{AD0D43BC-2A67-48DE-AE60-DB90CE6E75D0}"
EndProject
Project("{FAE04EC0-301F-11D3-BF4B-00C04F79EFBC}") = "TestDay68", "..\..\..\..\Tests\Week10\TestDay68\TestDay68\TestDay68.csproj", "{676290A8-DA6D-471E-89FE-BBFEA0522A07}"
EndProject
Global
	GlobalSection(SolutionConfigurationPlatforms) = preSolution
		Debug|Any CPU = Debug|Any CPU
		Release|Any CPU = Release|Any CPU
	EndGlobalSection
	GlobalSection(ProjectConfigurationPlatforms) = postSolution
		{AD0D43BC-2A67-48DE-AE60-DB90CE6E75D0}.Debug|Any CPU.ActiveCfg = Debug|Any CPU
		{AD0D43BC-2A67-48DE-AE60-DB90CE6E75D0}.Debug|Any CPU.Build.0 = Debug|Any CPU
		{AD0D43BC-2A67-48DE-AE60-DB90CE6E75D0}.Release|Any CPU.ActiveCfg = Release|Any CPU
		{AD0D43BC-2A67-48DE-AE60-DB90CE6E75D0}.Release|Any CPU.Build.0 = Release|Any CPU
		{676290A8-DA6D-471E-89FE-BBFEA0522A07}.Debug|Any CPU.ActiveCfg = Debug|Any CPU
		{676290A8-DA6D-471E-89FE-BBFEA0522A07}.Debug|Any CPU.Build.0 = Debug|Any CPU
		{676290A8-DA6D-471E-89FE-BBFEA0522A07}.Release|Any CPU.ActiveCfg = Release|Any CPU
		{676290A8-DA6D-471E-89FE-BBFEA0522A07}.Release|Any CPU.Build.0 = Release|Any CPU
	EndGlobalSection
	GlobalSection(SolutionProperties) = preSolution
		HideSolutionNode = FALSE
	EndGlobalSection
	GlobalSection(ExtensibilityGlobals) = postSolution
		SolutionGuid = {9DDACE51-3415-41CE-802B-EB3A741C6C30}
	EndGlobalSection
EndGlobal
